{
  "name": "sidebar_demo",
  "lockfileVersion": 2,
  "requires": true,
  "packages": {
    "": {
      "dependencies": {
        "gridstack": "^4.2.6",
        "heatmap.js": "^2.0.5"
      }
    },
    "node_modules/gridstack": {
      "version": "4.2.6",
      "resolved": "https://registry.npmjs.org/gridstack/-/gridstack-4.2.6.tgz",
      "integrity": "sha512-DTfH2ayR3aOqo26RTiMEYtbOVOnVXLG+lnmWRAYazhW1uixxqOvmV0nxjqyFRJLV9uRudY5adiaFzfk1pGgSTA==",
      "funding": [
        {
          "type": "paypal",
          "url": "https://www.paypal.me/alaind831"
        },
        {
          "type": "venmo",
          "url": "https://www.venmo.com/adumesny"
        }
      ]
    },
    "node_modules/heatmap.js": {
      "version": "2.0.5",
      "resolved": "https://registry.npmjs.org/heatmap.js/-/heatmap.js-2.0.5.tgz",
      "integrity": "sha1-Rm07hlE/XUkRKknSVwCrJzAUkVM="
    }
  },
  "dependencies": {
    "gridstack": {
      "version": "4.2.6",
      "resolved": "https://registry.npmjs.org/gridstack/-/gridstack-4.2.6.tgz",
      "integrity": "sha512-DTfH2ayR3aOqo26RTiMEYtbOVOnVXLG+lnmWRAYazhW1uixxqOvmV0nxjqyFRJLV9uRudY5adiaFzfk1pGgSTA=="
    },
    "heatmap.js": {
      "version": "2.0.5",
      "resolved": "https://registry.npmjs.org/heatmap.js/-/heatmap.js-2.0.5.tgz",
      "integrity": "sha1-Rm07hlE/XUkRKknSVwCrJzAUkVM="
    }
  }
}
